
Microsoft Visual Studio Solution File, Format Version 12.00
# Visual Studio 15
VisualStudioVersion = 15.0.28307.757
MinimumVisualStudioVersion = 10.0.40219.1
Project("{FAE04EC0-301F-11D3-BF4B-00C04F79EFBC}") = "BulkExample", "BulkExample\BulkExample.csproj", "{23BD8323-3E13-4064-9787-CACEFE14987D}"
EndProject
Global
	GlobalSection(SolutionConfigurationPlatforms) = preSolution
		Debug|Any CPU = Debug|Any CPU
		Release|Any CPU = Release|Any CPU
	EndGlobalSection
	GlobalSection(ProjectConfigurationPlatforms) = postSolution
		{23BD8323-3E13-4064-9787-CACEFE14987D}.Debug|Any CPU.ActiveCfg = Debug|Any CPU
		{23BD8323-3E13-4064-9787-CACEFE14987D}.Debug|Any CPU.Build.0 = Debug|Any CPU
		{23BD8323-3E13-4064-9787-CACEFE14987D}.Release|Any CPU.ActiveCfg = Release|Any CPU
		{23BD8323-3E13-4064-9787-CACEFE14987D}.Release|Any CPU.Build.0 = Release|Any CPU
	EndGlobalSection
	GlobalSection(SolutionProperties) = preSolution
		HideSolutionNode = FALSE
	EndGlobalSection
	GlobalSection(ExtensibilityGlobals) = postSolution
		SolutionGuid = {343DEA02-9106-4E00-84D4-05F2ADB96FE3}
	EndGlobalSection
EndGlobal
